
Microsoft Visual Studio Solution File, Format Version 12.00
# Visual Studio Version 16
VisualStudioVersion = 16.0.810.16
MinimumVisualStudioVersion = 10.0.40219.1
Project("{FAE04EC0-301F-11D3-BF4B-00C04F79EFBC}") = "ReadBooks.Android", "ReadBooks.Android\ReadBooks.Android.csproj", "{0139384B-0C0A-410C-BFCE-3BC3B09DE67F}"
EndProject
Project("{FAE04EC0-301F-11D3-BF4B-00C04F79EFBC}") = "ReadBooks.iOS", "ReadBooks.iOS\ReadBooks.iOS.csproj", "{0458FE98-59B3-4B04-AFF2-CD1B32611055}"
EndProject
Project("{FAE04EC0-301F-11D3-BF4B-00C04F79EFBC}") = "ReadBooks", "ReadBooks\ReadBooks.csproj", "{B7CC267B-EC62-4945-BE2F-E73375A7156F}"
EndProject
Global
	GlobalSection(SolutionConfigurationPlatforms) = preSolution
		Debug|Any CPU = Debug|Any CPU
		Release|Any CPU = Release|Any CPU
		Debug|iPhoneSimulator = Debug|iPhoneSimulator
		Release|iPhoneSimulator = Release|iPhoneSimulator
		Debug|iPhone = Debug|iPhone
		Release|iPhone = Release|iPhone
	EndGlobalSection
	GlobalSection(ProjectConfigurationPlatforms) = postSolution
		{0139384B-0C0A-410C-BFCE-3BC3B09DE67F}.Debug|Any CPU.ActiveCfg = Debug|Any CPU
		{0139384B-0C0A-410C-BFCE-3BC3B09DE67F}.Debug|Any CPU.Build.0 = Debug|Any CPU
		{0139384B-0C0A-410C-BFCE-3BC3B09DE67F}.Release|Any CPU.ActiveCfg = Release|Any CPU
		{0139384B-0C0A-410C-BFCE-3BC3B09DE67F}.Release|Any CPU.Build.0 = Release|Any CPU
		{0139384B-0C0A-410C-BFCE-3BC3B09DE67F}.Debug|iPhoneSimulator.ActiveCfg = Debug|Any CPU
		{0139384B-0C0A-410C-BFCE-3BC3B09DE67F}.Debug|iPhoneSimulator.Build.0 = Debug|Any CPU
		{0139384B-0C0A-410C-BFCE-3BC3B09DE67F}.Release|iPhoneSimulator.ActiveCfg = Release|Any CPU
		{0139384B-0C0A-410C-BFCE-3BC3B09DE67F}.Release|iPhoneSimulator.Build.0 = Release|Any CPU
		{0139384B-0C0A-410C-BFCE-3BC3B09DE67F}.Debug|iPhone.ActiveCfg = Debug|Any CPU
		{0139384B-0C0A-410C-BFCE-3BC3B09DE67F}.Debug|iPhone.Build.0 = Debug|Any CPU
		{0139384B-0C0A-410C-BFCE-3BC3B09DE67F}.Release|iPhone.ActiveCfg = Release|Any CPU
		{0139384B-0C0A-410C-BFCE-3BC3B09DE67F}.Release|iPhone.Build.0 = Release|Any CPU
		{0458FE98-59B3-4B04-AFF2-CD1B32611055}.Debug|Any CPU.ActiveCfg = Debug|iPhoneSimulator
		{0458FE98-59B3-4B04-AFF2-CD1B32611055}.Debug|Any CPU.Build.0 = Debug|iPhoneSimulator
		{0458FE98-59B3-4B04-AFF2-CD1B32611055}.Release|Any CPU.ActiveCfg = Release|iPhoneSimulator
		{0458FE98-59B3-4B04-AFF2-CD1B32611055}.Release|Any CPU.Build.0 = Release|iPhoneSimulator
		{0458FE98-59B3-4B04-AFF2-CD1B32611055}.Debug|iPhoneSimulator.ActiveCfg = Debug|iPhoneSimulator
		{0458FE98-59B3-4B04-AFF2-CD1B32611055}.Debug|iPhoneSimulator.Build.0 = Debug|iPhoneSimulator
		{0458FE98-59B3-4B04-AFF2-CD1B32611055}.Release|iPhoneSimulator.ActiveCfg = Release|iPhoneSimulator
		{0458FE98-59B3-4B04-AFF2-CD1B32611055}.Release|iPhoneSimulator.Build.0 = Release|iPhoneSimulator
		{0458FE98-59B3-4B04-AFF2-CD1B32611055}.Debug|iPhone.ActiveCfg = Debug|iPhone
		{0458FE98-59B3-4B04-AFF2-CD1B32611055}.Debug|iPhone.Build.0 = Debug|iPhone
		{0458FE98-59B3-4B04-AFF2-CD1B32611055}.Release|iPhone.ActiveCfg = Release|iPhone
		{0458FE98-59B3-4B04-AFF2-CD1B32611055}.Release|iPhone.Build.0 = Release|iPhone
		{B7CC267B-EC62-4945-BE2F-E73375A7156F}.Debug|Any CPU.ActiveCfg = Debug|Any CPU
		{B7CC267B-EC62-4945-BE2F-E73375A7156F}.Debug|Any CPU.Build.0 = Debug|Any CPU
		{B7CC267B-EC62-4945-BE2F-E73375A7156F}.Release|Any CPU.ActiveCfg = Release|Any CPU
		{B7CC267B-EC62-4945-BE2F-E73375A7156F}.Release|Any CPU.Build.0 = Release|Any CPU
		{B7CC267B-EC62-4945-BE2F-E73375A7156F}.Debug|iPhoneSimulator.ActiveCfg = Debug|Any CPU
		{B7CC267B-EC62-4945-BE2F-E73375A7156F}.Debug|iPhoneSimulator.Build.0 = Debug|Any CPU
		{B7CC267B-EC62-4945-BE2F-E73375A7156F}.Release|iPhoneSimulator.ActiveCfg = Release|Any CPU
		{B7CC267B-EC62-4945-BE2F-E73375A7156F}.Release|iPhoneSimulator.Build.0 = Release|Any CPU
		{B7CC267B-EC62-4945-BE2F-E73375A7156F}.Debug|iPhone.ActiveCfg = Debug|Any CPU
		{B7CC267B-EC62-4945-BE2F-E73375A7156F}.Debug|iPhone.Build.0 = Debug|Any CPU
		{B7CC267B-EC62-4945-BE2F-E73375A7156F}.Release|iPhone.ActiveCfg = Release|Any CPU
		{B7CC267B-EC62-4945-BE2F-E73375A7156F}.Release|iPhone.Build.0 = Release|Any CPU
	EndGlobalSection
	GlobalSection(SolutionProperties) = preSolution
		HideSolutionNode = FALSE
	EndGlobalSection
	GlobalSection(ExtensibilityGlobals) = postSolution
		SolutionGuid = {691AC97C-5C6D-466C-95B1-75D56F7FC932}
	EndGlobalSection
EndGlobal
